// !$*UTF8*$!
{
	archiveVersion = 1;
	classes = {
	};
	objectVersion = 48;
	objects = {

/* Begin PBXBuildFile section */
		555480B81732E20A02503969 /* Pods_Smack.framework in Frameworks */ = {isa = PBXBuildFile; fileRef = 035718C5E638BD9DEFCF602F /* Pods_Smack.framework */; };
		7B06BB132050A74C0031AF1C /* RoundedButton.swift in Sources */ = {isa = PBXBuildFile; fileRef = 7B06BB122050A74C0031AF1C /* RoundedButton.swift */; };
		7B0A8E52206C066400E2894C /* SendPeerService.swift in Sources */ = {isa = PBXBuildFile; fileRef = 7B0A8E51206C066400E2894C /* SendPeerService.swift */; };
		7B161EBF20408A6200AF5B21 /* GrandientView.swift in Sources */ = {isa = PBXBuildFile; fileRef = 7B161EBE20408A6200AF5B21 /* GrandientView.swift */; };
		7B161EC22040A3EF00AF5B21 /* Constants.swift in Sources */ = {isa = PBXBuildFile; fileRef = 7B161EC12040A3EF00AF5B21 /* Constants.swift */; };
		7B161EC42040C6E000AF5B21 /* LoginVC.swift in Sources */ = {isa = PBXBuildFile; fileRef = 7B161EC32040C6E000AF5B21 /* LoginVC.swift */; };
		7B161EC82040CF7A00AF5B21 /* CreateAccountVC.swift in Sources */ = {isa = PBXBuildFile; fileRef = 7B161EC72040CF7A00AF5B21 /* CreateAccountVC.swift */; };
		7B1EEC27206D9359007F805E /* SendPeerService1.swift in Sources */ = {isa = PBXBuildFile; fileRef = 7B1EEC26206D9359007F805E /* SendPeerService1.swift */; };
		7B3143B4203B69FE00579258 /* AppDelegate.swift in Sources */ = {isa = PBXBuildFile; fileRef = 7B3143B3203B69FE00579258 /* AppDelegate.swift */; };
		7B3143B9203B69FF00579258 /* Main.storyboard in Resources */ = {isa = PBXBuildFile; fileRef = 7B3143B7203B69FF00579258 /* Main.storyboard */; };
		7B3143BB203B69FF00579258 /* Assets.xcassets in Resources */ = {isa = PBXBuildFile; fileRef = 7B3143BA203B69FF00579258 /* Assets.xcassets */; };
		7B3143BE203B69FF00579258 /* LaunchScreen.storyboard in Resources */ = {isa = PBXBuildFile; fileRef = 7B3143BC203B69FF00579258 /* LaunchScreen.storyboard */; };
		7B3143C9203B6F4700579258 /* SWRevealViewController.m in Sources */ = {isa = PBXBuildFile; fileRef = 7B3143C7203B6F4700579258 /* SWRevealViewController.m */; };
		7B3143CE203B73B300579258 /* ChatVC.swift in Sources */ = {isa = PBXBuildFile; fileRef = 7B3143CD203B73B300579258 /* ChatVC.swift */; };
		7B3143D0203B73DA00579258 /* ChannelVC.swift in Sources */ = {isa = PBXBuildFile; fileRef = 7B3143CF203B73DA00579258 /* ChannelVC.swift */; };
		7B4FEB5E2052FD8000BAE823 /* UserDataService.swift in Sources */ = {isa = PBXBuildFile; fileRef = 7B4FEB5D2052FD8000BAE823 /* UserDataService.swift */; };
		7B6DFB6820600FCE00F740EE /* AvatarPickerVC.swift in Sources */ = {isa = PBXBuildFile; fileRef = 7B6DFB6720600FCE00F740EE /* AvatarPickerVC.swift */; };
		7B6DFB6A20601B8000F740EE /* AvatarCell.swift in Sources */ = {isa = PBXBuildFile; fileRef = 7B6DFB6920601B8000F740EE /* AvatarCell.swift */; };
		7B6DFB6C206047E300F740EE /* CircleImage.swift in Sources */ = {isa = PBXBuildFile; fileRef = 7B6DFB6B206047E300F740EE /* CircleImage.swift */; };
		7BD2E335205068DA00FEE46E /* AuthService.swift in Sources */ = {isa = PBXBuildFile; fileRef = 7BD2E334205068DA00FEE46E /* AuthService.swift */; };
/* End PBXBuildFile section */

/* Begin PBXFileReference section */
		035718C5E638BD9DEFCF602F /* Pods_Smack.framework */ = {isa = PBXFileReference; explicitFileType = wrapper.framework; includeInIndex = 0; path = Pods_Smack.framework; sourceTree = BUILT_PRODUCTS_DIR; };
		7B06BB122050A74C0031AF1C /* RoundedButton.swift */ = {isa = PBXFileReference; lastKnownFileType = sourcecode.swift; path = RoundedButton.swift; sourceTree = "<group>"; };
		7B0A8E51206C066400E2894C /* SendPeerService.swift */ = {isa = PBXFileReference; lastKnownFileType = sourcecode.swift; path = SendPeerService.swift; sourceTree = "<group>"; };
		7B161EBE20408A6200AF5B21 /* GrandientView.swift */ = {isa = PBXFileReference; lastKnownFileType = sourcecode.swift; path = GrandientView.swift; sourceTree = "<group>"; };
		7B161EC12040A3EF00AF5B21 /* Constants.swift */ = {isa = PBXFileReference; lastKnownFileType = sourcecode.swift; path = Constants.swift; sourceTree = "<group>"; };
		7B161EC32040C6E000AF5B21 /* LoginVC.swift */ = {isa = PBXFileReference; lastKnownFileType = sourcecode.swift; path = LoginVC.swift; sourceTree = "<group>"; };
		7B161EC72040CF7A00AF5B21 /* CreateAccountVC.swift */ = {isa = PBXFileReference; lastKnownFileType = sourcecode.swift; path = CreateAccountVC.swift; sourceTree = "<group>"; };
		7B1EEC26206D9359007F805E /* SendPeerService1.swift */ = {isa = PBXFileReference; lastKnownFileType = sourcecode.swift; path = SendPeerService1.swift; sourceTree = "<group>"; };
		7B3143B0203B69FE00579258 /* Smack.app */ = {isa = PBXFileReference; explicitFileType = wrapper.application; includeInIndex = 0; path = Smack.app; sourceTree = BUILT_PRODUCTS_DIR; };
		7B3143B3203B69FE00579258 /* AppDelegate.swift */ = {isa = PBXFileReference; lastKnownFileType = sourcecode.swift; path = AppDelegate.swift; sourceTree = "<group>"; };
		7B3143B8203B69FF00579258 /* Base */ = {isa = PBXFileReference; lastKnownFileType = file.storyboard; name = Base; path = Base.lproj/Main.storyboard; sourceTree = "<group>"; };
		7B3143BA203B69FF00579258 /* Assets.xcassets */ = {isa = PBXFileReference; lastKnownFileType = folder.assetcatalog; path = Assets.xcassets; sourceTree = "<group>"; };
		7B3143BD203B69FF00579258 /* Base */ = {isa = PBXFileReference; lastKnownFileType = file.storyboard; name = Base; path = Base.lproj/LaunchScreen.storyboard; sourceTree = "<group>"; };
		7B3143BF203B69FF00579258 /* Info.plist */ = {isa = PBXFileReference; lastKnownFileType = text.plist.xml; path = Info.plist; sourceTree = "<group>"; };
		7B3143C6203B6F4600579258 /* Smack-Bridging-Header.h */ = {isa = PBXFileReference; lastKnownFileType = sourcecode.c.h; path = "Smack-Bridging-Header.h"; sourceTree = "<group>"; };
		7B3143C7203B6F4700579258 /* SWRevealViewController.m */ = {isa = PBXFileReference; fileEncoding = 4; lastKnownFileType = sourcecode.c.objc; path = SWRevealViewController.m; sourceTree = "<group>"; };
		7B3143C8203B6F4700579258 /* SWRevealViewController.h */ = {isa = PBXFileReference; fileEncoding = 4; lastKnownFileType = sourcecode.c.h; path = SWRevealViewController.h; sourceTree = "<group>"; };
		7B3143CD203B73B300579258 /* ChatVC.swift */ = {isa = PBXFileReference; lastKnownFileType = sourcecode.swift; path = ChatVC.swift; sourceTree = "<group>"; };
		7B3143CF203B73DA00579258 /* ChannelVC.swift */ = {isa = PBXFileReference; lastKnownFileType = sourcecode.swift; path = ChannelVC.swift; sourceTree = "<group>"; };
		7B4FEB5D2052FD8000BAE823 /* UserDataService.swift */ = {isa = PBXFileReference; lastKnownFileType = sourcecode.swift; path = UserDataService.swift; sourceTree = "<group>"; };
		7B6DFB6720600FCE00F740EE /* AvatarPickerVC.swift */ = {isa = PBXFileReference; lastKnownFileType = sourcecode.swift; path = AvatarPickerVC.swift; sourceTree = "<group>"; };
		7B6DFB6920601B8000F740EE /* AvatarCell.swift */ = {isa = PBXFileReference; lastKnownFileType = sourcecode.swift; path = AvatarCell.swift; sourceTree = "<group>"; };
		7B6DFB6B206047E300F740EE /* CircleImage.swift */ = {isa = PBXFileReference; lastKnownFileType = sourcecode.swift; path = CircleImage.swift; sourceTree = "<group>"; };
		7BD2E334205068DA00FEE46E /* AuthService.swift */ = {isa = PBXFileReference; lastKnownFileType = sourcecode.swift; path = AuthService.swift; sourceTree = "<group>"; };
		7E70245C190CC8F173D2CF2E /* Pods-Smack.debug.xcconfig */ = {isa = PBXFileReference; includeInIndex = 1; lastKnownFileType = text.xcconfig; name = "Pods-Smack.debug.xcconfig"; path = "Pods/Target Support Files/Pods-Smack/Pods-Smack.debug.xcconfig"; sourceTree = "<group>"; };
		C36498C53E6FCA2F9AFF7E68 /* Pods-Smack.release.xcconfig */ = {isa = PBXFileReference; includeInIndex = 1; lastKnownFileType = text.xcconfig; name = "Pods-Smack.release.xcconfig"; path = "Pods/Target Support Files/Pods-Smack/Pods-Smack.release.xcconfig"; sourceTree = "<group>"; };
/* End PBXFileReference section */

/* Begin PBXFrameworksBuildPhase section */
		7B3143AD203B69FE00579258 /* Frameworks */ = {
			isa = PBXFrameworksBuildPhase;
			buildActionMask = 2147483647;
			files = (
				555480B81732E20A02503969 /* Pods_Smack.framework in Frameworks */,
			);
			runOnlyForDeploymentPostprocessing = 0;
		};
/* End PBXFrameworksBuildPhase section */

/* Begin PBXGroup section */
		5B0E1F4691103EB8D50AE734 /* Pods */ = {
			isa = PBXGroup;
			children = (
				7E70245C190CC8F173D2CF2E /* Pods-Smack.debug.xcconfig */,
				C36498C53E6FCA2F9AFF7E68 /* Pods-Smack.release.xcconfig */,
			);
			name = Pods;
			sourceTree = "<group>";
		};
		7B161EC02040A3A000AF5B21 /* Utilities */ = {
			isa = PBXGroup;
			children = (
				7B161EC12040A3EF00AF5B21 /* Constants.swift */,
			);
			path = Utilities;
			sourceTree = "<group>";
		};
		7B3143A7203B69FE00579258 = {
			isa = PBXGroup;
			children = (
				7B3143B2203B69FE00579258 /* Smack */,
				7B3143B1203B69FE00579258 /* Products */,
				5B0E1F4691103EB8D50AE734 /* Pods */,
				DD59131702FB2FD4C6CDD372 /* Frameworks */,
			);
			sourceTree = "<group>";
		};
		7B3143B1203B69FE00579258 /* Products */ = {
			isa = PBXGroup;
			children = (
				7B3143B0203B69FE00579258 /* Smack.app */,
			);
			name = Products;
			sourceTree = "<group>";
		};
		7B3143B2203B69FE00579258 /* Smack */ = {
			isa = PBXGroup;
			children = (
				7BD2E333205068A300FEE46E /* Services */,
				7B161EC02040A3A000AF5B21 /* Utilities */,
				7B3143CC203B737200579258 /* Model */,
				7B3143CB203B735F00579258 /* View */,
				7B3143CA203B734F00579258 /* Controller */,
				7B3143C5203B6F2900579258 /* Supporting Files */,
				7B3143B3203B69FE00579258 /* AppDelegate.swift */,
				7B3143B7203B69FF00579258 /* Main.storyboard */,
				7B3143BA203B69FF00579258 /* Assets.xcassets */,
				7B3143BC203B69FF00579258 /* LaunchScreen.storyboard */,
				7B3143BF203B69FF00579258 /* Info.plist */,
			);
			path = Smack;
			sourceTree = "<group>";
		};
		7B3143C5203B6F2900579258 /* Supporting Files */ = {
			isa = PBXGroup;
			children = (
				7B3143C8203B6F4700579258 /* SWRevealViewController.h */,
				7B3143C7203B6F4700579258 /* SWRevealViewController.m */,
				7B3143C6203B6F4600579258 /* Smack-Bridging-Header.h */,
			);
			path = "Supporting Files";
			sourceTree = "<group>";
		};
		7B3143CA203B734F00579258 /* Controller */ = {
			isa = PBXGroup;
			children = (
				7B3143CD203B73B300579258 /* ChatVC.swift */,
				7B3143CF203B73DA00579258 /* ChannelVC.swift */,
				7B161EC32040C6E000AF5B21 /* LoginVC.swift */,
				7B161EC72040CF7A00AF5B21 /* CreateAccountVC.swift */,
				7B6DFB6720600FCE00F740EE /* AvatarPickerVC.swift */,
			);
			path = Controller;
			sourceTree = "<group>";
		};
		7B3143CB203B735F00579258 /* View */ = {
			isa = PBXGroup;
			children = (
				7B161EBE20408A6200AF5B21 /* GrandientView.swift */,
				7B06BB122050A74C0031AF1C /* RoundedButton.swift */,
				7B6DFB6920601B8000F740EE /* AvatarCell.swift */,
				7B6DFB6B206047E300F740EE /* CircleImage.swift */,
			);
			path = View;
			sourceTree = "<group>";
		};
		7B3143CC203B737200579258 /* Model */ = {
			isa = PBXGroup;
			children = (
			);
			path = Model;
			sourceTree = "<group>";
		};
		7BD2E333205068A300FEE46E /* Services */ = {
			isa = PBXGroup;
			children = (
				7BD2E334205068DA00FEE46E /* AuthService.swift */,
				7B4FEB5D2052FD8000BAE823 /* UserDataService.swift */,
				7B0A8E51206C066400E2894C /* SendPeerService.swift */,
				7B1EEC26206D9359007F805E /* SendPeerService1.swift */,
			);
			path = Services;
			sourceTree = "<group>";
		};
		DD59131702FB2FD4C6CDD372 /* Frameworks */ = {
			isa = PBXGroup;
			children = (
				035718C5E638BD9DEFCF602F /* Pods_Smack.framework */,
			);
			name = Frameworks;
			sourceTree = "<group>";
		};
/* End PBXGroup section */

/* Begin PBXNativeTarget section */
		7B3143AF203B69FE00579258 /* Smack */ = {
			isa = PBXNativeTarget;
			buildConfigurationList = 7B3143C2203B69FF00579258 /* Build configuration list for PBXNativeTarget "Smack" */;
			buildPhases = (
				666B089DD003C942C5680A97 /* [CP] Check Pods Manifest.lock */,
				7B3143AC203B69FE00579258 /* Sources */,
				7B3143AD203B69FE00579258 /* Frameworks */,
				7B3143AE203B69FE00579258 /* Resources */,
				B888C4BDF66E55A372C5582C /* [CP] Embed Pods Frameworks */,
				206CDCD3C3912B8D375F88BE /* [CP] Copy Pods Resources */,
			);
			buildRules = (
			);
			dependencies = (
			);
			name = Smack;
			productName = Smack;
			productReference = 7B3143B0203B69FE00579258 /* Smack.app */;
			productType = "com.apple.product-type.application";
		};
/* End PBXNativeTarget section */

/* Begin PBXProject section */
		7B3143A8203B69FE00579258 /* Project object */ = {
			isa = PBXProject;
			attributes = {
				LastSwiftUpdateCheck = 0920;
				LastUpgradeCheck = 0920;
				ORGANIZATIONNAME = "xiaofei xie";
				TargetAttributes = {
					7B3143AF203B69FE00579258 = {
						CreatedOnToolsVersion = 9.2;
						LastSwiftMigration = 0920;
						ProvisioningStyle = Automatic;
					};
				};
			};
			buildConfigurationList = 7B3143AB203B69FE00579258 /* Build configuration list for PBXProject "Smack" */;
			compatibilityVersion = "Xcode 8.0";
			developmentRegion = en;
			hasScannedForEncodings = 0;
			knownRegions = (
				en,
				Base,
			);
			mainGroup = 7B3143A7203B69FE00579258;
			productRefGroup = 7B3143B1203B69FE00579258 /* Products */;
			projectDirPath = "";
			projectRoot = "";
			targets = (
				7B3143AF203B69FE00579258 /* Smack */,
			);
		};
/* End PBXProject section */

/* Begin PBXResourcesBuildPhase section */
		7B3143AE203B69FE00579258 /* Resources */ = {
			isa = PBXResourcesBuildPhase;
			buildActionMask = 2147483647;
			files = (
				7B3143BE203B69FF00579258 /* LaunchScreen.storyboard in Resources */,
				7B3143BB203B69FF00579258 /* Assets.xcassets in Resources */,
				7B3143B9203B69FF00579258 /* Main.storyboard in Resources */,
			);
			runOnlyForDeploymentPostprocessing = 0;
		};
/* End PBXResourcesBuildPhase section */

/* Begin PBXShellScriptBuildPhase section */
		206CDCD3C3912B8D375F88BE /* [CP] Copy Pods Resources */ = {
			isa = PBXShellScriptBuildPhase;
			buildActionMask = 2147483647;
			files = (
			);
			inputPaths = (
			);
			name = "[CP] Copy Pods Resources";
			outputPaths = (
			);
			runOnlyForDeploymentPostprocessing = 0;
			shellPath = /bin/sh;
			shellScript = "\"${SRCROOT}/Pods/Target Support Files/Pods-Smack/Pods-Smack-resources.sh\"\n";
			showEnvVarsInLog = 0;
		};
		666B089DD003C942C5680A97 /* [CP] Check Pods Manifest.lock */ = {
			isa = PBXShellScriptBuildPhase;
			buildActionMask = 2147483647;
			files = (
			);
			inputPaths = (
				"${PODS_PODFILE_DIR_PATH}/Podfile.lock",
				"${PODS_ROOT}/Manifest.lock",
			);
			name = "[CP] Check Pods Manifest.lock";
			outputPaths = (
				"$(DERIVED_FILE_DIR)/Pods-Smack-checkManifestLockResult.txt",
			);
			runOnlyForDeploymentPostprocessing = 0;
			shellPath = /bin/sh;
			shellScript = "diff \"${PODS_PODFILE_DIR_PATH}/Podfile.lock\" \"${PODS_ROOT}/Manifest.lock\" > /dev/null\nif [ $? != 0 ] ; then\n    # print error to STDERR\n    echo \"error: The sandbox is not in sync with the Podfile.lock. Run 'pod install' or update your CocoaPods installation.\" >&2\n    exit 1\nfi\n# This output is used by Xcode 'outputs' to avoid re-running this script phase.\necho \"SUCCESS\" > \"${SCRIPT_OUTPUT_FILE_0}\"\n";
			showEnvVarsInLog = 0;
		};
		B888C4BDF66E55A372C5582C /* [CP] Embed Pods Frameworks */ = {
			isa = PBXShellScriptBuildPhase;
			buildActionMask = 2147483647;
			files = (
			);
			inputPaths = (
				"${SRCROOT}/Pods/Target Support Files/Pods-Smack/Pods-Smack-frameworks.sh",
				"${BUILT_PRODUCTS_DIR}/Alamofire/Alamofire.framework",
				"${BUILT_PRODUCTS_DIR}/Socket.IO-Client-Swift/SocketIO.framework",
				"${BUILT_PRODUCTS_DIR}/Starscream/Starscream.framework",
				"${BUILT_PRODUCTS_DIR}/SwiftyJSON/SwiftyJSON.framework",
			);
			name = "[CP] Embed Pods Frameworks";
			outputPaths = (
				"${TARGET_BUILD_DIR}/${FRAMEWORKS_FOLDER_PATH}/Alamofire.framework",
				"${TARGET_BUILD_DIR}/${FRAMEWORKS_FOLDER_PATH}/SocketIO.framework",
				"${TARGET_BUILD_DIR}/${FRAMEWORKS_FOLDER_PATH}/Starscream.framework",
				"${TARGET_BUILD_DIR}/${FRAMEWORKS_FOLDER_PATH}/SwiftyJSON.framework",
			);
			runOnlyForDeploymentPostprocessing = 0;
			shellPath = /bin/sh;
			shellScript = "\"${SRCROOT}/Pods/Target Support Files/Pods-Smack/Pods-Smack-frameworks.sh\"\n";
			showEnvVarsInLog = 0;
		};
/* End PBXShellScriptBuildPhase section */

/* Begin PBXSourcesBuildPhase section */
		7B3143AC203B69FE00579258 /* Sources */ = {
			isa = PBXSourcesBuildPhase;
			buildActionMask = 2147483647;
			files = (
				7B161EBF20408A6200AF5B21 /* GrandientView.swift in Sources */,
				7B6DFB6820600FCE00F740EE /* AvatarPickerVC.swift in Sources */,
				7B06BB132050A74C0031AF1C /* RoundedButton.swift in Sources */,
				7B6DFB6C206047E300F740EE /* CircleImage.swift in Sources */,
				7B3143D0203B73DA00579258 /* ChannelVC.swift in Sources */,
				7B1EEC27206D9359007F805E /* SendPeerService1.swift in Sources */,
				7B4FEB5E2052FD8000BAE823 /* UserDataService.swift in Sources */,
				7B161EC82040CF7A00AF5B21 /* CreateAccountVC.swift in Sources */,
				7BD2E335205068DA00FEE46E /* AuthService.swift in Sources */,
				7B161EC42040C6E000AF5B21 /* LoginVC.swift in Sources */,
				7B6DFB6A20601B8000F740EE /* AvatarCell.swift in Sources */,
				7B3143CE203B73B300579258 /* ChatVC.swift in Sources */,
				7B3143B4203B69FE00579258 /* AppDelegate.swift in Sources */,
				7B3143C9203B6F4700579258 /* SWRevealViewController.m in Sources */,
				7B0A8E52206C066400E2894C /* SendPeerService.swift in Sources */,
				7B161EC22040A3EF00AF5B21 /* Constants.swift in Sources */,
			);
			runOnlyForDeploymentPostprocessing = 0;
		};
/* End PBXSourcesBuildPhase section */

/* Begin PBXVariantGroup section */
		7B3143B7203B69FF00579258 /* Main.storyboard */ = {
			isa = PBXVariantGroup;
			children = (
				7B3143B8203B69FF00579258 /* Base */,
			);
			name = Main.storyboard;
			sourceTree = "<group>";
		};
		7B3143BC203B69FF00579258 /* LaunchScreen.storyboard */ = {
			isa = PBXVariantGroup;
			children = (
				7B3143BD203B69FF00579258 /* Base */,
			);
			name = LaunchScreen.storyboard;
			sourceTree = "<group>";
		};
/* End PBXVariantGroup section */

/* Begin XCBuildConfiguration section */
		7B3143C0203B69FF00579258 /* Debug */ = {
			isa = XCBuildConfiguration;
			buildSettings = {
				ALWAYS_SEARCH_USER_PATHS = NO;
				CLANG_ANALYZER_NONNULL = YES;
				CLANG_ANALYZER_NUMBER_OBJECT_CONVERSION = YES_AGGRESSIVE;
				CLANG_CXX_LANGUAGE_STANDARD = "gnu++14";
				CLANG_CXX_LIBRARY = "libc++";
				CLANG_ENABLE_MODULES = YES;
				CLANG_ENABLE_OBJC_ARC = YES;
				CLANG_WARN_BLOCK_CAPTURE_AUTORELEASING = YES;
				CLANG_WARN_BOOL_CONVERSION = YES;
				CLANG_WARN_COMMA = YES;
				CLANG_WARN_CONSTANT_CONVERSION = YES;
				CLANG_WARN_DIRECT_OBJC_ISA_USAGE = YES_ERROR;
				CLANG_WARN_DOCUMENTATION_COMMENTS = YES;
				CLANG_WARN_EMPTY_BODY = YES;
				CLANG_WARN_ENUM_CONVERSION = YES;
				CLANG_WARN_INFINITE_RECURSION = YES;
				CLANG_WARN_INT_CONVERSION = YES;
				CLANG_WARN_NON_LITERAL_NULL_CONVERSION = YES;
				CLANG_WARN_OBJC_LITERAL_CONVERSION = YES;
				CLANG_WARN_OBJC_ROOT_CLASS = YES_ERROR;
				CLANG_WARN_RANGE_LOOP_ANALYSIS = YES;
				CLANG_WARN_STRICT_PROTOTYPES = YES;
				CLANG_WARN_SUSPICIOUS_MOVE = YES;
				CLANG_WARN_UNGUARDED_AVAILABILITY = YES_AGGRESSIVE;
				CLANG_WARN_UNREACHABLE_CODE = YES;
				CLANG_WARN__DUPLICATE_METHOD_MATCH = YES;
				CODE_SIGN_IDENTITY = "iPhone Developer";
				COPY_PHASE_STRIP = NO;
				DEBUG_INFORMATION_FORMAT = dwarf;
				ENABLE_STRICT_OBJC_MSGSEND = YES;
				ENABLE_TESTABILITY = YES;
				GCC_C_LANGUAGE_STANDARD = gnu11;
				GCC_DYNAMIC_NO_PIC = NO;
				GCC_NO_COMMON_BLOCKS = YES;
				GCC_OPTIMIZATION_LEVEL = 0;
				GCC_PREPROCESSOR_DEFINITIONS = (
					"DEBUG=1",
					"$(inherited)",
				);
				GCC_WARN_64_TO_32_BIT_CONVERSION = YES;
				GCC_WARN_ABOUT_RETURN_TYPE = YES_ERROR;
				GCC_WARN_UNDECLARED_SELECTOR = YES;
				GCC_WARN_UNINITIALIZED_AUTOS = YES_AGGRESSIVE;
				GCC_WARN_UNUSED_FUNCTION = YES;
				GCC_WARN_UNUSED_VARIABLE = YES;
				IPHONEOS_DEPLOYMENT_TARGET = 11.2;
				MTL_ENABLE_DEBUG_INFO = YES;
				ONLY_ACTIVE_ARCH = YES;
				SDKROOT = iphoneos;
				SWIFT_ACTIVE_COMPILATION_CONDITIONS = DEBUG;
				SWIFT_OPTIMIZATION_LEVEL = "-Onone";
			};
			name = Debug;
		};
		7B3143C1203B69FF00579258 /* Release */ = {
			isa = XCBuildConfiguration;
			buildSettings = {
				ALWAYS_SEARCH_USER_PATHS = NO;
				CLANG_ANALYZER_NONNULL = YES;
				CLANG_ANALYZER_NUMBER_OBJECT_CONVERSION = YES_AGGRESSIVE;
				CLANG_CXX_LANGUAGE_STANDARD = "gnu++14";
				CLANG_CXX_LIBRARY = "libc++";
				CLANG_ENABLE_MODULES = YES;
				CLANG_ENABLE_OBJC_ARC = YES;
				CLANG_WARN_BLOCK_CAPTURE_AUTORELEASING = YES;
				CLANG_WARN_BOOL_CONVERSION = YES;
				CLANG_WARN_COMMA = YES;
				CLANG_WARN_CONSTANT_CONVERSION = YES;
				CLANG_WARN_DIRECT_OBJC_ISA_USAGE = YES_ERROR;
				CLANG_WARN_DOCUMENTATION_COMMENTS = YES;
				CLANG_WARN_EMPTY_BODY = YES;
				CLANG_WARN_ENUM_CONVERSION = YES;
				CLANG_WARN_INFINITE_RECURSION = YES;
				CLANG_WARN_INT_CONVERSION = YES;
				CLANG_WARN_NON_LITERAL_NULL_CONVERSION = YES;
				CLANG_WARN_OBJC_LITERAL_CONVERSION = YES;
				CLANG_WARN_OBJC_ROOT_CLASS = YES_ERROR;
				CLANG_WARN_RANGE_LOOP_ANALYSIS = YES;
				CLANG_WARN_STRICT_PROTOTYPES = YES;
				CLANG_WARN_SUSPICIOUS_MOVE = YES;
				CLANG_WARN_UNGUARDED_AVAILABILITY = YES_AGGRESSIVE;
				CLANG_WARN_UNREACHABLE_CODE = YES;
				CLANG_WARN__DUPLICATE_METHOD_MATCH = YES;
				CODE_SIGN_IDENTITY = "iPhone Developer";
				COPY_PHASE_STRIP = NO;
				DEBUG_INFORMATION_FORMAT = "dwarf-with-dsym";
				ENABLE_NS_ASSERTIONS = NO;
				ENABLE_STRICT_OBJC_MSGSEND = YES;
				GCC_C_LANGUAGE_STANDARD = gnu11;
				GCC_NO_COMMON_BLOCKS = YES;
				GCC_WARN_64_TO_32_BIT_CONVERSION = YES;
				GCC_WARN_ABOUT_RETURN_TYPE = YES_ERROR;
				GCC_WARN_UNDECLARED_SELECTOR = YES;
				GCC_WARN_UNINITIALIZED_AUTOS = YES_AGGRESSIVE;
				GCC_WARN_UNUSED_FUNCTION = YES;
				GCC_WARN_UNUSED_VARIABLE = YES;
				IPHONEOS_DEPLOYMENT_TARGET = 11.2;
				MTL_ENABLE_DEBUG_INFO = NO;
				SDKROOT = iphoneos;
				SWIFT_OPTIMIZATION_LEVEL = "-Owholemodule";
				VALIDATE_PRODUCT = YES;
			};
			name = Release;
		};
		7B3143C3203B69FF00579258 /* Debug */ = {
			isa = XCBuildConfiguration;
			baseConfigurationReference = 7E70245C190CC8F173D2CF2E /* Pods-Smack.debug.xcconfig */;
			buildSettings = {
				ASSETCATALOG_COMPILER_APPICON_NAME = AppIcon;
				CLANG_ENABLE_MODULES = YES;
				CODE_SIGN_STYLE = Automatic;
				DEVELOPMENT_TEAM = 5HNNKT4GK8;
				INFOPLIST_FILE = Smack/Info.plist;
				LD_RUNPATH_SEARCH_PATHS = "$(inherited) @executable_path/Frameworks";
				PRODUCT_BUNDLE_IDENTIFIER = com.sksk.Smack;
				PRODUCT_NAME = "$(TARGET_NAME)";
				SWIFT_OBJC_BRIDGING_HEADER = "Smack/Supporting Files/Smack-Bridging-Header.h";
				SWIFT_OPTIMIZATION_LEVEL = "-Onone";
				SWIFT_VERSION = 4.0;
				TARGETED_DEVICE_FAMILY = "1,2";
			};
			name = Debug;
		};
		7B3143C4203B69FF00579258 /* Release */ = {
			isa = XCBuildConfiguration;
			baseConfigurationReference = C36498C53E6FCA2F9AFF7E68 /* Pods-Smack.release.xcconfig */;
			buildSettings = {
				ASSETCATALOG_COMPILER_APPICON_NAME = AppIcon;
				CLANG_ENABLE_MODULES = YES;
				CODE_SIGN_STYLE = Automatic;
				DEVELOPMENT_TEAM = 5HNNKT4GK8;
				INFOPLIST_FILE = Smack/Info.plist;
				LD_RUNPATH_SEARCH_PATHS = "$(inherited) @executable_path/Frameworks";
				PRODUCT_BUNDLE_IDENTIFIER = com.sksk.Smack;
				PRODUCT_NAME = "$(TARGET_NAME)";
				SWIFT_OBJC_BRIDGING_HEADER = "Smack/Supporting Files/Smack-Bridging-Header.h";
				SWIFT_VERSION = 4.0;
				TARGETED_DEVICE_FAMILY = "1,2";
			};
			name = Release;
		};
/* End XCBuildConfiguration section */

/* Begin XCConfigurationList section */
		7B3143AB203B69FE00579258 /* Build configuration list for PBXProject "Smack" */ = {
			isa = XCConfigurationList;
			buildConfigurations = (
				7B3143C0203B69FF00579258 /* Debug */,
				7B3143C1203B69FF00579258 /* Release */,
			);
			defaultConfigurationIsVisible = 0;
			defaultConfigurationName = Release;
		};
		7B3143C2203B69FF00579258 /* Build configuration list for PBXNativeTarget "Smack" */ = {
			isa = XCConfigurationList;
			buildConfigurations = (
				7B3143C3203B69FF00579258 /* Debug */,
				7B3143C4203B69FF00579258 /* Release */,
			);
			defaultConfigurationIsVisible = 0;
			defaultConfigurationName = Release;
		};
/* End XCConfigurationList section */
	};
	rootObject = 7B3143A8203B69FE00579258 /* Project object */;
}
